PODS:
  - AFNetworking (3.2.1):
    - AFNetworking/NSURLSession (= 3.2.1)
    - AFNetworking/Reachability (= 3.2.1)
    - AFNetworking/Security (= 3.2.1)
    - AFNetworking/Serialization (= 3.2.1)
    - AFNetworking/UIKit (= 3.2.1)
  - AFNetworking/NSURLSession (3.2.1):
    - AFNetworking/Reachability
    - AFNetworking/Security
    - AFNetworking/Serialization
  - AFNetworking/Reachability (3.2.1)
  - AFNetworking/Security (3.2.1)
  - AFNetworking/Serialization (3.2.1)
  - AFNetworking/UIKit (3.2.1):
    - AFNetworking/NSURLSession
  - Bugly (2.5.0)
  - FMDB (2.7.5):
    - FMDB/standard (= 2.7.5)
  - FMDB/standard (2.7.5)
  - GVUserDefaults (1.0.2)
  - IQKeyboardManager (6.2.0)
  - MBProgressHUD (1.1.0)
  - MJExtension (3.0.15.1)
  - UICKeyChainStore (2.1.2)
  - YYCategories (1.0.4):
    - YYCategories/no-arc (= 1.0.4)
  - YYCategories/no-arc (1.0.4)

DEPENDENCIES:
  - AFNetworking (~> 3.2.1)
  - Bugly (~> 2.5.0)
  - FMDB (~> 2.7.5)
  - GVUserDefaults (~> 1.0.2)
  - IQKeyboardManager (~> 6.2.0)
  - MBProgressHUD (~> 1.1.0)
  - MJExtension (~> 3.0.15.1)
  - UICKeyChainStore (~> 2.1.2)
  - YYCategories (~> 1.0.4)

SPEC REPOS:
  https://github.com/cocoapods/specs.git:
    - AFNetworking
    - Bugly
    - FMDB
    - GVUserDefaults
    - IQKeyboardManager
    - MBProgressHUD
    - MJExtension
    - UICKeyChainStore
    - YYCategories

SPEC CHECKSUMS:
  AFNetworking: b6f891fdfaed196b46c7a83cf209e09697b94057
  Bugly: 3ca9f255c01025582df26f9222893b383c7e4b4e
  FMDB: 2ce00b547f966261cd18927a3ddb07cb6f3db82a
  GVUserDefaults: 52d48cf8ba578b40a1a76312b196dfc9134ba36a
  IQKeyboardManager: 6194101620b73af5e67900b8f89707a99de0b804
  MBProgressHUD: e7baa36a220447d8aeb12769bf0585582f3866d9
  MJExtension: 19bc33ce2eee2d319760f5622562cf581a6ff756
  UICKeyChainStore: 85db518bb1d294366d15ec9b92a416c4e670518f
  YYCategories: 6bcd4314c6661a561410dce4a793379ebd306abd

PODFILE CHECKSUM: a45954f5f9b69182e8316317429a8a88399a477b

COCOAPODS: 1.5.2
